// !$*UTF8*$!
{
	archiveVersion = 1;
	classes = {
	};
	objectVersion = 46;
	objects = {

/* Begin PBXBuildFile section */
		EE8608751A324DD500731F0C /* Bolts.framework in Frameworks */ = {isa = PBXBuildFile; fileRef = EE8608701A324DD500731F0C /* Bolts.framework */; };
		EE8608761A324DD500731F0C /* FacebookSDK.framework in Frameworks */ = {isa = PBXBuildFile; fileRef = EE8608711A324DD500731F0C /* FacebookSDK.framework */; };
		EE8608771A324DD500731F0C /* Parse.framework in Frameworks */ = {isa = PBXBuildFile; fileRef = EE8608721A324DD500731F0C /* Parse.framework */; };
		EE8608781A324DD500731F0C /* ParseFacebookUtils.framework in Frameworks */ = {isa = PBXBuildFile; fileRef = EE8608731A324DD500731F0C /* ParseFacebookUtils.framework */; };
		EE8608791A324DD500731F0C /* ParseUI.framework in Frameworks */ = {isa = PBXBuildFile; fileRef = EE8608741A324DD500731F0C /* ParseUI.framework */; };
		EEE288941A324CF6000E5E7B /* main.m in Sources */ = {isa = PBXBuildFile; fileRef = EEE288931A324CF6000E5E7B /* main.m */; };
		EEE288971A324CF6000E5E7B /* AppDelegate.m in Sources */ = {isa = PBXBuildFile; fileRef = EEE288961A324CF6000E5E7B /* AppDelegate.m */; };
		EEE2889A1A324CF6000E5E7B /* Haiku.xcdatamodeld in Sources */ = {isa = PBXBuildFile; fileRef = EEE288981A324CF6000E5E7B /* Haiku.xcdatamodeld */; };
		EEE2889D1A324CF6000E5E7B /* ViewController.m in Sources */ = {isa = PBXBuildFile; fileRef = EEE2889C1A324CF6000E5E7B /* ViewController.m */; };
		EEE288A01A324CF6000E5E7B /* Main.storyboard in Resources */ = {isa = PBXBuildFile; fileRef = EEE2889E1A324CF6000E5E7B /* Main.storyboard */; };
		EEE288A21A324CF6000E5E7B /* Images.xcassets in Resources */ = {isa = PBXBuildFile; fileRef = EEE288A11A324CF6000E5E7B /* Images.xcassets */; };
		EEE288A51A324CF6000E5E7B /* LaunchScreen.xib in Resources */ = {isa = PBXBuildFile; fileRef = EEE288A31A324CF6000E5E7B /* LaunchScreen.xib */; };
		EEE288B11A324CF6000E5E7B /* HaikuTests.m in Sources */ = {isa = PBXBuildFile; fileRef = EEE288B01A324CF6000E5E7B /* HaikuTests.m */; };
/* End PBXBuildFile section */

/* Begin PBXContainerItemProxy section */
		EEE288AB1A324CF6000E5E7B /* PBXContainerItemProxy */ = {
			isa = PBXContainerItemProxy;
			containerPortal = EEE288861A324CF6000E5E7B /* Project object */;
			proxyType = 1;
			remoteGlobalIDString = EEE2888D1A324CF6000E5E7B;
			remoteInfo = Haiku;
		};
/* End PBXContainerItemProxy section */

/* Begin PBXFileReference section */
		EE8608701A324DD500731F0C /* Bolts.framework */ = {isa = PBXFileReference; lastKnownFileType = wrapper.framework; name = Bolts.framework; path = ../../../../../PROJECTS/XCode/2015/Haiku/Haiku/Frameworks/Bolts.framework; sourceTree = "<group>"; };
		EE8608711A324DD500731F0C /* FacebookSDK.framework */ = {isa = PBXFileReference; lastKnownFileType = wrapper.framework; name = FacebookSDK.framework; path = ../../../../../PROJECTS/XCode/2015/Haiku/Haiku/Frameworks/FacebookSDK.framework; sourceTree = "<group>"; };
		EE8608721A324DD500731F0C /* Parse.framework */ = {isa = PBXFileReference; lastKnownFileType = wrapper.framework; name = Parse.framework; path = ../../../../../PROJECTS/XCode/2015/Haiku/Haiku/Frameworks/Parse.framework; sourceTree = "<group>"; };
		EE8608731A324DD500731F0C /* ParseFacebookUtils.framework */ = {isa = PBXFileReference; lastKnownFileType = wrapper.framework; name = ParseFacebookUtils.framework; path = ../../../../../PROJECTS/XCode/2015/Haiku/Haiku/Frameworks/ParseFacebookUtils.framework; sourceTree = "<group>"; };
		EE8608741A324DD500731F0C /* ParseUI.framework */ = {isa = PBXFileReference; lastKnownFileType = wrapper.framework; name = ParseUI.framework; path = ../../../../../PROJECTS/XCode/2015/Haiku/Haiku/Frameworks/ParseUI.framework; sourceTree = "<group>"; };
		EEE2888E1A324CF6000E5E7B /* Haiku.app */ = {isa = PBXFileReference; explicitFileType = wrapper.application; includeInIndex = 0; path = Haiku.app; sourceTree = BUILT_PRODUCTS_DIR; };
		EEE288921A324CF6000E5E7B /* Info.plist */ = {isa = PBXFileReference; lastKnownFileType = text.plist.xml; path = Info.plist; sourceTree = "<group>"; };
		EEE288931A324CF6000E5E7B /* main.m */ = {isa = PBXFileReference; lastKnownFileType = sourcecode.c.objc; path = main.m; sourceTree = "<group>"; };
		EEE288951A324CF6000E5E7B /* AppDelegate.h */ = {isa = PBXFileReference; lastKnownFileType = sourcecode.c.h; path = AppDelegate.h; sourceTree = "<group>"; };
		EEE288961A324CF6000E5E7B /* AppDelegate.m */ = {isa = PBXFileReference; lastKnownFileType = sourcecode.c.objc; path = AppDelegate.m; sourceTree = "<group>"; };
		EEE288991A324CF6000E5E7B /* Haiku.xcdatamodel */ = {isa = PBXFileReference; lastKnownFileType = wrapper.xcdatamodel; path = Haiku.xcdatamodel; sourceTree = "<group>"; };
		EEE2889B1A324CF6000E5E7B /* ViewController.h */ = {isa = PBXFileReference; lastKnownFileType = sourcecode.c.h; path = ViewController.h; sourceTree = "<group>"; };
		EEE2889C1A324CF6000E5E7B /* ViewController.m */ = {isa = PBXFileReference; lastKnownFileType = sourcecode.c.objc; path = ViewController.m; sourceTree = "<group>"; };
		EEE2889F1A324CF6000E5E7B /* Base */ = {isa = PBXFileReference; lastKnownFileType = file.storyboard; name = Base; path = Base.lproj/Main.storyboard; sourceTree = "<group>"; };
		EEE288A11A324CF6000E5E7B /* Images.xcassets */ = {isa = PBXFileReference; lastKnownFileType = folder.assetcatalog; path = Images.xcassets; sourceTree = "<group>"; };
		EEE288A41A324CF6000E5E7B /* Base */ = {isa = PBXFileReference; lastKnownFileType = file.xib; name = Base; path = Base.lproj/LaunchScreen.xib; sourceTree = "<group>"; };
		EEE288AA1A324CF6000E5E7B /* HaikuTests.xctest */ = {isa = PBXFileReference; explicitFileType = wrapper.cfbundle; includeInIndex = 0; path = HaikuTests.xctest; sourceTree = BUILT_PRODUCTS_DIR; };
		EEE288AF1A324CF6000E5E7B /* Info.plist */ = {isa = PBXFileReference; lastKnownFileType = text.plist.xml; path = Info.plist; sourceTree = "<group>"; };
		EEE288B01A324CF6000E5E7B /* HaikuTests.m */ = {isa = PBXFileReference; lastKnownFileType = sourcecode.c.objc; path = HaikuTests.m; sourceTree = "<group>"; };
/* End PBXFileReference section */

/* Begin PBXFrameworksBuildPhase section */
		EEE2888B1A324CF6000E5E7B /* Frameworks */ = {
			isa = PBXFrameworksBuildPhase;
			buildActionMask = 2147483647;
			files = (
				EE8608751A324DD500731F0C /* Bolts.framework in Frameworks */,
				EE8608771A324DD500731F0C /* Parse.framework in Frameworks */,
				EE8608791A324DD500731F0C /* ParseUI.framework in Frameworks */,
				EE8608781A324DD500731F0C /* ParseFacebookUtils.framework in Frameworks */,
				EE8608761A324DD500731F0C /* FacebookSDK.framework in Frameworks */,
			);
			runOnlyForDeploymentPostprocessing = 0;
		};
		EEE288A71A324CF6000E5E7B /* Frameworks */ = {
			isa = PBXFrameworksBuildPhase;
			buildActionMask = 2147483647;
			files = (
			);
			runOnlyForDeploymentPostprocessing = 0;
		};
/* End PBXFrameworksBuildPhase section */

/* Begin PBXGroup section */
		EE86086F1A324D7200731F0C /* Frameworks */ = {
			isa = PBXGroup;
			children = (
				EE8608701A324DD500731F0C /* Bolts.framework */,
				EE8608711A324DD500731F0C /* FacebookSDK.framework */,
				EE8608721A324DD500731F0C /* Parse.framework */,
				EE8608731A324DD500731F0C /* ParseFacebookUtils.framework */,
				EE8608741A324DD500731F0C /* ParseUI.framework */,
			);
			name = Frameworks;
			path = HaikuTests;
			sourceTree = "<group>";
		};
		EEE288851A324CF6000E5E7B = {
			isa = PBXGroup;
			children = (
				EEE288901A324CF6000E5E7B /* Haiku */,
				EE86086F1A324D7200731F0C /* Frameworks */,
				EEE288AD1A324CF6000E5E7B /* HaikuTests */,
				EEE2888F1A324CF6000E5E7B /* Products */,
			);
			sourceTree = "<group>";
		};
		EEE2888F1A324CF6000E5E7B /* Products */ = {
			isa = PBXGroup;
			children = (
				EEE2888E1A324CF6000E5E7B /* Haiku.app */,
				EEE288AA1A324CF6000E5E7B /* HaikuTests.xctest */,
			);
			name = Products;
			sourceTree = "<group>";
		};
		EEE288901A324CF6000E5E7B /* Haiku */ = {
			isa = PBXGroup;
			children = (
				EEE288951A324CF6000E5E7B /* AppDelegate.h */,
				EEE288961A324CF6000E5E7B /* AppDelegate.m */,
				EEE2889B1A324CF6000E5E7B /* ViewController.h */,
				EEE2889C1A324CF6000E5E7B /* ViewController.m */,
				EEE2889E1A324CF6000E5E7B /* Main.storyboard */,
				EEE288911A324CF6000E5E7B /* Supporting Files */,
			);
			path = Haiku;
			sourceTree = "<group>";
		};
		EEE288911A324CF6000E5E7B /* Supporting Files */ = {
			isa = PBXGroup;
			children = (
				EEE288A11A324CF6000E5E7B /* Images.xcassets */,
				EEE288981A324CF6000E5E7B /* Haiku.xcdatamodeld */,
				EEE288A31A324CF6000E5E7B /* LaunchScreen.xib */,
				EEE288921A324CF6000E5E7B /* Info.plist */,
				EEE288931A324CF6000E5E7B /* main.m */,
			);
			name = "Supporting Files";
			sourceTree = "<group>";
		};
		EEE288AD1A324CF6000E5E7B /* HaikuTests */ = {
			isa = PBXGroup;
			children = (
				EEE288B01A324CF6000E5E7B /* HaikuTests.m */,
				EEE288AE1A324CF6000E5E7B /* Supporting Files */,
			);
			path = HaikuTests;
			sourceTree = "<group>";
		};
		EEE288AE1A324CF6000E5E7B /* Supporting Files */ = {
			isa = PBXGroup;
			children = (
				EEE288AF1A324CF6000E5E7B /* Info.plist */,
			);
			name = "Supporting Files";
			sourceTree = "<group>";
		};
/* End PBXGroup section */

/* Begin PBXNativeTarget section */
		EEE2888D1A324CF6000E5E7B /* Haiku */ = {
			isa = PBXNativeTarget;
			buildConfigurationList = EEE288B41A324CF6000E5E7B /* Build configuration list for PBXNativeTarget "Haiku" */;
			buildPhases = (
				EEE2888A1A324CF6000E5E7B /* Sources */,
				EEE2888B1A324CF6000E5E7B /* Frameworks */,
				EEE2888C1A324CF6000E5E7B /* Resources */,
			);
			buildRules = (
			);
			dependencies = (
			);
			name = Haiku;
			productName = Haiku;
			productReference = EEE2888E1A324CF6000E5E7B /* Haiku.app */;
			productType = "com.apple.product-type.application";
		};
		EEE288A91A324CF6000E5E7B /* HaikuTests */ = {
			isa = PBXNativeTarget;
			buildConfigurationList = EEE288B71A324CF6000E5E7B /* Build configuration list for PBXNativeTarget "HaikuTests" */;
			buildPhases = (
				EEE288A61A324CF6000E5E7B /* Sources */,
				EEE288A71A324CF6000E5E7B /* Frameworks */,
				EEE288A81A324CF6000E5E7B /* Resources */,
			);
			buildRules = (
			);
			dependencies = (
				EEE288AC1A324CF6000E5E7B /* PBXTargetDependency */,
			);
			name = HaikuTests;
			productName = HaikuTests;
			productReference = EEE288AA1A324CF6000E5E7B /* HaikuTests.xctest */;
			productType = "com.apple.product-type.bundle.unit-test";
		};
/* End PBXNativeTarget section */

/* Begin PBXProject section */
		EEE288861A324CF6000E5E7B /* Project object */ = {
			isa = PBXProject;
			attributes = {
				LastUpgradeCheck = 0610;
				ORGANIZATIONNAME = "John Nguyen";
				TargetAttributes = {
					EEE2888D1A324CF6000E5E7B = {
						CreatedOnToolsVersion = 6.1.1;
						DevelopmentTeam = WAPLF5F36A;
					};
					EEE288A91A324CF6000E5E7B = {
						CreatedOnToolsVersion = 6.1.1;
						TestTargetID = EEE2888D1A324CF6000E5E7B;
					};
				};
			};
			buildConfigurationList = EEE288891A324CF6000E5E7B /* Build configuration list for PBXProject "Haiku" */;
			compatibilityVersion = "Xcode 3.2";
			developmentRegion = English;
			hasScannedForEncodings = 0;
			knownRegions = (
				en,
				Base,
			);
			mainGroup = EEE288851A324CF6000E5E7B;
			productRefGroup = EEE2888F1A324CF6000E5E7B /* Products */;
			projectDirPath = "";
			projectRoot = "";
			targets = (
				EEE2888D1A324CF6000E5E7B /* Haiku */,
				EEE288A91A324CF6000E5E7B /* HaikuTests */,
			);
		};
/* End PBXProject section */

/* Begin PBXResourcesBuildPhase section */
		EEE2888C1A324CF6000E5E7B /* Resources */ = {
			isa = PBXResourcesBuildPhase;
			buildActionMask = 2147483647;
			files = (
				EEE288A01A324CF6000E5E7B /* Main.storyboard in Resources */,
				EEE288A51A324CF6000E5E7B /* LaunchScreen.xib in Resources */,
				EEE288A21A324CF6000E5E7B /* Images.xcassets in Resources */,
			);
			runOnlyForDeploymentPostprocessing = 0;
		};
		EEE288A81A324CF6000E5E7B /* Resources */ = {
			isa = PBXResourcesBuildPhase;
			buildActionMask = 2147483647;
			files = (
			);
			runOnlyForDeploymentPostprocessing = 0;
		};
/* End PBXResourcesBuildPhase section */

/* Begin PBXSourcesBuildPhase section */
		EEE2888A1A324CF6000E5E7B /* Sources */ = {
			isa = PBXSourcesBuildPhase;
			buildActionMask = 2147483647;
			files = (
				EEE288971A324CF6000E5E7B /* AppDelegate.m in Sources */,
				EEE2889A1A324CF6000E5E7B /* Haiku.xcdatamodeld in Sources */,
				EEE2889D1A324CF6000E5E7B /* ViewController.m in Sources */,
				EEE288941A324CF6000E5E7B /* main.m in Sources */,
			);
			runOnlyForDeploymentPostprocessing = 0;
		};
		EEE288A61A324CF6000E5E7B /* Sources */ = {
			isa = PBXSourcesBuildPhase;
			buildActionMask = 2147483647;
			files = (
				EEE288B11A324CF6000E5E7B /* HaikuTests.m in Sources */,
			);
			runOnlyForDeploymentPostprocessing = 0;
		};
/* End PBXSourcesBuildPhase section */

/* Begin PBXTargetDependency section */
		EEE288AC1A324CF6000E5E7B /* PBXTargetDependency */ = {
			isa = PBXTargetDependency;
			target = EEE2888D1A324CF6000E5E7B /* Haiku */;
			targetProxy = EEE288AB1A324CF6000E5E7B /* PBXContainerItemProxy */;
		};
/* End PBXTargetDependency section */

/* Begin PBXVariantGroup section */
		EEE2889E1A324CF6000E5E7B /* Main.storyboard */ = {
			isa = PBXVariantGroup;
			children = (
				EEE2889F1A324CF6000E5E7B /* Base */,
			);
			name = Main.storyboard;
			sourceTree = "<group>";
		};
		EEE288A31A324CF6000E5E7B /* LaunchScreen.xib */ = {
			isa = PBXVariantGroup;
			children = (
				EEE288A41A324CF6000E5E7B /* Base */,
			);
			name = LaunchScreen.xib;
			sourceTree = "<group>";
		};
/* End PBXVariantGroup section */

/* Begin XCBuildConfiguration section */
		EEE288B21A324CF6000E5E7B /* Debug */ = {
			isa = XCBuildConfiguration;
			buildSettings = {
				ALWAYS_SEARCH_USER_PATHS = NO;
				CLANG_CXX_LANGUAGE_STANDARD = "gnu++0x";
				CLANG_CXX_LIBRARY = "libc++";
				CLANG_ENABLE_MODULES = YES;
				CLANG_ENABLE_OBJC_ARC = YES;
				CLANG_WARN_BOOL_CONVERSION = YES;
				CLANG_WARN_CONSTANT_CONVERSION = YES;
				CLANG_WARN_DIRECT_OBJC_ISA_USAGE = YES_ERROR;
				CLANG_WARN_EMPTY_BODY = YES;
				CLANG_WARN_ENUM_CONVERSION = YES;
				CLANG_WARN_INT_CONVERSION = YES;
				CLANG_WARN_OBJC_ROOT_CLASS = YES_ERROR;
				CLANG_WARN_UNREACHABLE_CODE = YES;
				CLANG_WARN__DUPLICATE_METHOD_MATCH = YES;
				"CODE_SIGN_IDENTITY[sdk=iphoneos*]" = "iPhone Developer";
				COPY_PHASE_STRIP = NO;
				ENABLE_STRICT_OBJC_MSGSEND = YES;
				GCC_C_LANGUAGE_STANDARD = gnu99;
				GCC_DYNAMIC_NO_PIC = NO;
				GCC_OPTIMIZATION_LEVEL = 0;
				GCC_PREPROCESSOR_DEFINITIONS = (
					"DEBUG=1",
					"$(inherited)",
				);
				GCC_SYMBOLS_PRIVATE_EXTERN = NO;
				GCC_WARN_64_TO_32_BIT_CONVERSION = YES;
				GCC_WARN_ABOUT_RETURN_TYPE = YES_ERROR;
				GCC_WARN_UNDECLARED_SELECTOR = YES;
				GCC_WARN_UNINITIALIZED_AUTOS = YES_AGGRESSIVE;
				GCC_WARN_UNUSED_FUNCTION = YES;
				GCC_WARN_UNUSED_VARIABLE = YES;
				IPHONEOS_DEPLOYMENT_TARGET = 8.1;
				MTL_ENABLE_DEBUG_INFO = YES;
				ONLY_ACTIVE_ARCH = YES;
				SDKROOT = iphoneos;
				TARGETED_DEVICE_FAMILY = "1,2";
			};
			name = Debug;
		};
		EEE288B31A324CF6000E5E7B /* Release */ = {
			isa = XCBuildConfiguration;
			buildSettings = {
				ALWAYS_SEARCH_USER_PATHS = NO;
				CLANG_CXX_LANGUAGE_STANDARD = "gnu++0x";
				CLANG_CXX_LIBRARY = "libc++";
				CLANG_ENABLE_MODULES = YES;
				CLANG_ENABLE_OBJC_ARC = YES;
				CLANG_WARN_BOOL_CONVERSION = YES;
				CLANG_WARN_CONSTANT_CONVERSION = YES;
				CLANG_WARN_DIRECT_OBJC_ISA_USAGE = YES_ERROR;
				CLANG_WARN_EMPTY_BODY = YES;
				CLANG_WARN_ENUM_CONVERSION = YES;
				CLANG_WARN_INT_CONVERSION = YES;
				CLANG_WARN_OBJC_ROOT_CLASS = YES_ERROR;
				CLANG_WARN_UNREACHABLE_CODE = YES;
				CLANG_WARN__DUPLICATE_METHOD_MATCH = YES;
				"CODE_SIGN_IDENTITY[sdk=iphoneos*]" = "iPhone Developer";
				COPY_PHASE_STRIP = YES;
				ENABLE_NS_ASSERTIONS = NO;
				ENABLE_STRICT_OBJC_MSGSEND = YES;
				GCC_C_LANGUAGE_STANDARD = gnu99;
				GCC_WARN_64_TO_32_BIT_CONVERSION = YES;
				GCC_WARN_ABOUT_RETURN_TYPE = YES_ERROR;
				GCC_WARN_UNDECLARED_SELECTOR = YES;
				GCC_WARN_UNINITIALIZED_AUTOS = YES_AGGRESSIVE;
				GCC_WARN_UNUSED_FUNCTION = YES;
				GCC_WARN_UNUSED_VARIABLE = YES;
				IPHONEOS_DEPLOYMENT_TARGET = 8.1;
				MTL_ENABLE_DEBUG_INFO = NO;
				SDKROOT = iphoneos;
				TARGETED_DEVICE_FAMILY = "1,2";
				VALIDATE_PRODUCT = YES;
			};
			name = Release;
		};
		EEE288B51A324CF6000E5E7B /* Debug */ = {
			isa = XCBuildConfiguration;
			buildSettings = {
				ASSETCATALOG_COMPILER_APPICON_NAME = AppIcon;
				CODE_SIGN_IDENTITY = "iPhone Developer";
				FRAMEWORK_SEARCH_PATHS = (
					"$(inherited)",
					/Users/johnnguyen/Documents/PROJECTS/XCode/2015/Haiku/Haiku/Frameworks,
				);
				INFOPLIST_FILE = Haiku/Info.plist;
				LD_RUNPATH_SEARCH_PATHS = "$(inherited) @executable_path/Frameworks";
				PRODUCT_NAME = "$(TARGET_NAME)";
			};
			name = Debug;
		};
		EEE288B61A324CF6000E5E7B /* Release */ = {
			isa = XCBuildConfiguration;
			buildSettings = {
				ASSETCATALOG_COMPILER_APPICON_NAME = AppIcon;
				CODE_SIGN_IDENTITY = "iPhone Developer";
				FRAMEWORK_SEARCH_PATHS = (
					"$(inherited)",
					/Users/johnnguyen/Documents/PROJECTS/XCode/2015/Haiku/Haiku/Frameworks,
				);
				INFOPLIST_FILE = Haiku/Info.plist;
				LD_RUNPATH_SEARCH_PATHS = "$(inherited) @executable_path/Frameworks";
				PRODUCT_NAME = "$(TARGET_NAME)";
			};
			name = Release;
		};
		EEE288B81A324CF6000E5E7B /* Debug */ = {
			isa = XCBuildConfiguration;
			buildSettings = {
				BUNDLE_LOADER = "$(TEST_HOST)";
				FRAMEWORK_SEARCH_PATHS = (
					"$(SDKROOT)/Developer/Library/Frameworks",
					"$(inherited)",
				);
				GCC_PREPROCESSOR_DEFINITIONS = (
					"DEBUG=1",
					"$(inherited)",
				);
				INFOPLIST_FILE = HaikuTests/Info.plist;
				LD_RUNPATH_SEARCH_PATHS = "$(inherited) @executable_path/Frameworks @loader_path/Frameworks";
				PRODUCT_NAME = "$(TARGET_NAME)";
				TEST_HOST = "$(BUILT_PRODUCTS_DIR)/Haiku.app/Haiku";
			};
			name = Debug;
		};
		EEE288B91A324CF6000E5E7B /* Release */ = {
			isa = XCBuildConfiguration;
			buildSettings = {
				BUNDLE_LOADER = "$(TEST_HOST)";
				FRAMEWORK_SEARCH_PATHS = (
					"$(SDKROOT)/Developer/Library/Frameworks",
					"$(inherited)",
				);
				INFOPLIST_FILE = HaikuTests/Info.plist;
				LD_RUNPATH_SEARCH_PATHS = "$(inherited) @executable_path/Frameworks @loader_path/Frameworks";
				PRODUCT_NAME = "$(TARGET_NAME)";
				TEST_HOST = "$(BUILT_PRODUCTS_DIR)/Haiku.app/Haiku";
			};
			name = Release;
		};
/* End XCBuildConfiguration section */

/* Begin XCConfigurationList section */
		EEE288891A324CF6000E5E7B /* Build configuration list for PBXProject "Haiku" */ = {
			isa = XCConfigurationList;
			buildConfigurations = (
				EEE288B21A324CF6000E5E7B /* Debug */,
				EEE288B31A324CF6000E5E7B /* Release */,
			);
			defaultConfigurationIsVisible = 0;
			defaultConfigurationName = Release;
		};
		EEE288B41A324CF6000E5E7B /* Build configuration list for PBXNativeTarget "Haiku" */ = {
			isa = XCConfigurationList;
			buildConfigurations = (
				EEE288B51A324CF6000E5E7B /* Debug */,
				EEE288B61A324CF6000E5E7B /* Release */,
			);
			defaultConfigurationIsVisible = 0;
			defaultConfigurationName = Release;
		};
		EEE288B71A324CF6000E5E7B /* Build configuration list for PBXNativeTarget "HaikuTests" */ = {
			isa = XCConfigurationList;
			buildConfigurations = (
				EEE288B81A324CF6000E5E7B /* Debug */,
				EEE288B91A324CF6000E5E7B /* Release */,
			);
			defaultConfigurationIsVisible = 0;
			defaultConfigurationName = Release;
		};
/* End XCConfigurationList section */

/* Begin XCVersionGroup section */
		EEE288981A324CF6000E5E7B /* Haiku.xcdatamodeld */ = {
			isa = XCVersionGroup;
			children = (
				EEE288991A324CF6000E5E7B /* Haiku.xcdatamodel */,
			);
			currentVersion = EEE288991A324CF6000E5E7B /* Haiku.xcdatamodel */;
			path = Haiku.xcdatamodeld;
			sourceTree = "<group>";
			versionGroupType = wrapper.xcdatamodel;
		};
/* End XCVersionGroup section */
	};
	rootObject = EEE288861A324CF6000E5E7B /* Project object */;
}
